
Microsoft Visual Studio Solution File, Format Version 11.00
# Visual C# Express 2010
Project("{FAE04EC0-301F-11D3-BF4B-00C04F79EFBC}") = "ARSoft.Tools.Net", "ARSoft.Tools.Net\ARSoft.Tools.Net.csproj", "{65BFA748-C640-49B0-B506-34BBB165233A}"
EndProject
Project("{FAE04EC0-301F-11D3-BF4B-00C04F79EFBC}") = "ConsoleApplication1", "ConsoleApplication1\ConsoleApplication1.csproj", "{30A7A11E-B3FB-4A4E-BB1F-B16E78B4DF92}"
EndProject
Project("{FAE04EC0-301F-11D3-BF4B-00C04F79EFBC}") = "NeuroDNS", "NeuroDNS\NeuroDNS.csproj", "{F03969FA-CE60-4881-8F68-5CF6DC7C22F1}"
EndProject
Global
	GlobalSection(SolutionConfigurationPlatforms) = preSolution
		Debug|Any CPU = Debug|Any CPU
		Debug|Mixed Platforms = Debug|Mixed Platforms
		Debug|x86 = Debug|x86
		Release|Any CPU = Release|Any CPU
		Release|Mixed Platforms = Release|Mixed Platforms
		Release|x86 = Release|x86
	EndGlobalSection
	GlobalSection(ProjectConfigurationPlatforms) = postSolution
		{65BFA748-C640-49B0-B506-34BBB165233A}.Debug|Any CPU.ActiveCfg = Debug|Any CPU
		{65BFA748-C640-49B0-B506-34BBB165233A}.Debug|Any CPU.Build.0 = Debug|Any CPU
		{65BFA748-C640-49B0-B506-34BBB165233A}.Debug|Mixed Platforms.ActiveCfg = Debug|Any CPU
		{65BFA748-C640-49B0-B506-34BBB165233A}.Debug|Mixed Platforms.Build.0 = Debug|Any CPU
		{65BFA748-C640-49B0-B506-34BBB165233A}.Debug|x86.ActiveCfg = Debug|Any CPU
		{65BFA748-C640-49B0-B506-34BBB165233A}.Release|Any CPU.ActiveCfg = Release|Any CPU
		{65BFA748-C640-49B0-B506-34BBB165233A}.Release|Any CPU.Build.0 = Release|Any CPU
		{65BFA748-C640-49B0-B506-34BBB165233A}.Release|Mixed Platforms.ActiveCfg = Release|Any CPU
		{65BFA748-C640-49B0-B506-34BBB165233A}.Release|Mixed Platforms.Build.0 = Release|Any CPU
		{65BFA748-C640-49B0-B506-34BBB165233A}.Release|x86.ActiveCfg = Release|Any CPU
		{30A7A11E-B3FB-4A4E-BB1F-B16E78B4DF92}.Debug|Any CPU.ActiveCfg = Debug|x86
		{30A7A11E-B3FB-4A4E-BB1F-B16E78B4DF92}.Debug|Mixed Platforms.ActiveCfg = Debug|x86
		{30A7A11E-B3FB-4A4E-BB1F-B16E78B4DF92}.Debug|Mixed Platforms.Build.0 = Debug|x86
		{30A7A11E-B3FB-4A4E-BB1F-B16E78B4DF92}.Debug|x86.ActiveCfg = Debug|x86
		{30A7A11E-B3FB-4A4E-BB1F-B16E78B4DF92}.Debug|x86.Build.0 = Debug|x86
		{30A7A11E-B3FB-4A4E-BB1F-B16E78B4DF92}.Release|Any CPU.ActiveCfg = Release|x86
		{30A7A11E-B3FB-4A4E-BB1F-B16E78B4DF92}.Release|Mixed Platforms.ActiveCfg = Release|x86
		{30A7A11E-B3FB-4A4E-BB1F-B16E78B4DF92}.Release|Mixed Platforms.Build.0 = Release|x86
		{30A7A11E-B3FB-4A4E-BB1F-B16E78B4DF92}.Release|x86.ActiveCfg = Release|x86
		{30A7A11E-B3FB-4A4E-BB1F-B16E78B4DF92}.Release|x86.Build.0 = Release|x86
		{F03969FA-CE60-4881-8F68-5CF6DC7C22F1}.Debug|Any CPU.ActiveCfg = Debug|x86
		{F03969FA-CE60-4881-8F68-5CF6DC7C22F1}.Debug|Mixed Platforms.ActiveCfg = Debug|x86
		{F03969FA-CE60-4881-8F68-5CF6DC7C22F1}.Debug|Mixed Platforms.Build.0 = Debug|x86
		{F03969FA-CE60-4881-8F68-5CF6DC7C22F1}.Debug|x86.ActiveCfg = Debug|x86
		{F03969FA-CE60-4881-8F68-5CF6DC7C22F1}.Debug|x86.Build.0 = Debug|x86
		{F03969FA-CE60-4881-8F68-5CF6DC7C22F1}.Release|Any CPU.ActiveCfg = Release|x86
		{F03969FA-CE60-4881-8F68-5CF6DC7C22F1}.Release|Mixed Platforms.ActiveCfg = Release|x86
		{F03969FA-CE60-4881-8F68-5CF6DC7C22F1}.Release|Mixed Platforms.Build.0 = Release|x86
		{F03969FA-CE60-4881-8F68-5CF6DC7C22F1}.Release|x86.ActiveCfg = Release|x86
		{F03969FA-CE60-4881-8F68-5CF6DC7C22F1}.Release|x86.Build.0 = Release|x86
	EndGlobalSection
	GlobalSection(SolutionProperties) = preSolution
		HideSolutionNode = FALSE
	EndGlobalSection
EndGlobal
